
Microsoft Visual Studio Solution File, Format Version 12.00
Project("{FAE04EC0-301F-11D3-BF4B-00C04F79EFBC}") = "AutoLiveryImporter", "AutoLiveryImporter\AutoLiveryImporter.csproj", "{2523DA98-1BC3-4177-83B3-F74F66B541F5}"
EndProject
Global
	GlobalSection(SolutionConfigurationPlatforms) = preSolution
		Debug|Any CPU = Debug|Any CPU
		Release|Any CPU = Release|Any CPU
	EndGlobalSection
	GlobalSection(ProjectConfigurationPlatforms) = postSolution
		{2523DA98-1BC3-4177-83B3-F74F66B541F5}.Debug|Any CPU.ActiveCfg = Debug|Any CPU
		{2523DA98-1BC3-4177-83B3-F74F66B541F5}.Debug|Any CPU.Build.0 = Debug|Any CPU
		{2523DA98-1BC3-4177-83B3-F74F66B541F5}.Release|Any CPU.ActiveCfg = Release|Any CPU
		{2523DA98-1BC3-4177-83B3-F74F66B541F5}.Release|Any CPU.Build.0 = Release|Any CPU
	EndGlobalSection
EndGlobal
